
Microsoft Visual Studio Solution File, Format Version 12.00
# Visual Studio Version 16
VisualStudioVersion = 16.0.29728.190
MinimumVisualStudioVersion = 10.0.40219.1
Project("{9A19103F-16F7-4668-BE54-9A1E7A4F7556}") = "AgileTea.Auth0.Web.Api", "AgileTea.Auth0.Web.Api\AgileTea.Auth0.Web.Api.csproj", "{DCA84CC2-7B28-4E0B-91D8-91EC6297E1ED}"
EndProject
Global
	GlobalSection(SolutionConfigurationPlatforms) = preSolution
		Debug|Any CPU = Debug|Any CPU
		Release|Any CPU = Release|Any CPU
	EndGlobalSection
	GlobalSection(ProjectConfigurationPlatforms) = postSolution
		{DCA84CC2-7B28-4E0B-91D8-91EC6297E1ED}.Debug|Any CPU.ActiveCfg = Debug|Any CPU
		{DCA84CC2-7B28-4E0B-91D8-91EC6297E1ED}.Debug|Any CPU.Build.0 = Debug|Any CPU
		{DCA84CC2-7B28-4E0B-91D8-91EC6297E1ED}.Release|Any CPU.ActiveCfg = Release|Any CPU
		{DCA84CC2-7B28-4E0B-91D8-91EC6297E1ED}.Release|Any CPU.Build.0 = Release|Any CPU
	EndGlobalSection
	GlobalSection(SolutionProperties) = preSolution
		HideSolutionNode = FALSE
	EndGlobalSection
	GlobalSection(ExtensibilityGlobals) = postSolution
		SolutionGuid = {DAA5A6D6-AD25-4C0B-A469-E3CCE9D9F175}
	EndGlobalSection
EndGlobal
